
Microsoft Visual Studio Solution File, Format Version 12.00
# Visual Studio Version 16
VisualStudioVersion = 25.0.1706.1
MinimumVisualStudioVersion = 10.0.40219.1
Project("{FAE04EC0-301F-11D3-BF4B-00C04F79EFBC}") = "Delegate", "Delegate\Delegate.csproj", "{A8A47E3E-FBCC-4CD2-ABC6-178FF9EEA608}"
EndProject
Global
	GlobalSection(SolutionConfigurationPlatforms) = preSolution
		Debug|Any CPU = Debug|Any CPU
		Release|Any CPU = Release|Any CPU
	EndGlobalSection
	GlobalSection(ProjectConfigurationPlatforms) = postSolution
		{A8A47E3E-FBCC-4CD2-ABC6-178FF9EEA608}.Debug|Any CPU.ActiveCfg = Debug|Any CPU
		{A8A47E3E-FBCC-4CD2-ABC6-178FF9EEA608}.Debug|Any CPU.Build.0 = Debug|Any CPU
		{A8A47E3E-FBCC-4CD2-ABC6-178FF9EEA608}.Release|Any CPU.ActiveCfg = Release|Any CPU
		{A8A47E3E-FBCC-4CD2-ABC6-178FF9EEA608}.Release|Any CPU.Build.0 = Release|Any CPU
	EndGlobalSection
	GlobalSection(SolutionProperties) = preSolution
		HideSolutionNode = FALSE
	EndGlobalSection
	GlobalSection(ExtensibilityGlobals) = postSolution
		SolutionGuid = {97499902-7D0C-4272-AFAE-A44E3CB56540}
	EndGlobalSection
EndGlobal
